// !$*UTF8*$!
{
	archiveVersion = 1;
	classes = {
	};
	objectVersion = 46;
	objects = {

/* Begin PBXBuildFile section */
		57295D8F1AC0FDF7000EA0F8 /* RecordAudio.swift in Sources */ = {isa = PBXBuildFile; fileRef = 57295D8E1AC0FDF7000EA0F8 /* RecordAudio.swift */; };
		575062261AACFE4F0051CC65 /* AppDelegate.swift in Sources */ = {isa = PBXBuildFile; fileRef = 575062251AACFE4F0051CC65 /* AppDelegate.swift */; };
		575062281AACFE4F0051CC65 /* RecordSoundsViewController.swift in Sources */ = {isa = PBXBuildFile; fileRef = 575062271AACFE4F0051CC65 /* RecordSoundsViewController.swift */; };
		5750622B1AACFE4F0051CC65 /* Main.storyboard in Resources */ = {isa = PBXBuildFile; fileRef = 575062291AACFE4F0051CC65 /* Main.storyboard */; };
		5750622D1AACFE4F0051CC65 /* Images.xcassets in Resources */ = {isa = PBXBuildFile; fileRef = 5750622C1AACFE4F0051CC65 /* Images.xcassets */; };
		575062301AACFE4F0051CC65 /* LaunchScreen.xib in Resources */ = {isa = PBXBuildFile; fileRef = 5750622E1AACFE4F0051CC65 /* LaunchScreen.xib */; };
		5750623C1AACFE4F0051CC65 /* Pitch_PerfectTests.swift in Sources */ = {isa = PBXBuildFile; fileRef = 5750623B1AACFE4F0051CC65 /* Pitch_PerfectTests.swift */; };
		5751BA461AB61B5800A4D78E /* PlaySoundsViewController.swift in Sources */ = {isa = PBXBuildFile; fileRef = 5751BA451AB61B5800A4D78E /* PlaySoundsViewController.swift */; };
/* End PBXBuildFile section */

/* Begin PBXContainerItemProxy section */
		575062361AACFE4F0051CC65 /* PBXContainerItemProxy */ = {
			isa = PBXContainerItemProxy;
			containerPortal = 575062181AACFE4F0051CC65 /* Project object */;
			proxyType = 1;
			remoteGlobalIDString = 5750621F1AACFE4F0051CC65;
			remoteInfo = "Pitch Perfect";
		};
/* End PBXContainerItemProxy section */

/* Begin PBXFileReference section */
		57295D8E1AC0FDF7000EA0F8 /* RecordAudio.swift */ = {isa = PBXFileReference; fileEncoding = 4; lastKnownFileType = sourcecode.swift; path = RecordAudio.swift; sourceTree = "<group>"; };
		575062201AACFE4F0051CC65 /* Pitch Perfect.app */ = {isa = PBXFileReference; explicitFileType = wrapper.application; includeInIndex = 0; path = "Pitch Perfect.app"; sourceTree = BUILT_PRODUCTS_DIR; };
		575062241AACFE4F0051CC65 /* Info.plist */ = {isa = PBXFileReference; lastKnownFileType = text.plist.xml; path = Info.plist; sourceTree = "<group>"; };
		575062251AACFE4F0051CC65 /* AppDelegate.swift */ = {isa = PBXFileReference; lastKnownFileType = sourcecode.swift; path = AppDelegate.swift; sourceTree = "<group>"; };
		575062271AACFE4F0051CC65 /* RecordSoundsViewController.swift */ = {isa = PBXFileReference; lastKnownFileType = sourcecode.swift; path = RecordSoundsViewController.swift; sourceTree = "<group>"; };
		5750622A1AACFE4F0051CC65 /* Base */ = {isa = PBXFileReference; lastKnownFileType = file.storyboard; name = Base; path = Base.lproj/Main.storyboard; sourceTree = "<group>"; };
		5750622C1AACFE4F0051CC65 /* Images.xcassets */ = {isa = PBXFileReference; lastKnownFileType = folder.assetcatalog; path = Images.xcassets; sourceTree = "<group>"; };
		5750622F1AACFE4F0051CC65 /* Base */ = {isa = PBXFileReference; lastKnownFileType = file.xib; name = Base; path = Base.lproj/LaunchScreen.xib; sourceTree = "<group>"; };
		575062351AACFE4F0051CC65 /* Pitch PerfectTests.xctest */ = {isa = PBXFileReference; explicitFileType = wrapper.cfbundle; includeInIndex = 0; path = "Pitch PerfectTests.xctest"; sourceTree = BUILT_PRODUCTS_DIR; };
		5750623A1AACFE4F0051CC65 /* Info.plist */ = {isa = PBXFileReference; lastKnownFileType = text.plist.xml; path = Info.plist; sourceTree = "<group>"; };
		5750623B1AACFE4F0051CC65 /* Pitch_PerfectTests.swift */ = {isa = PBXFileReference; lastKnownFileType = sourcecode.swift; path = Pitch_PerfectTests.swift; sourceTree = "<group>"; };
		5751BA451AB61B5800A4D78E /* PlaySoundsViewController.swift */ = {isa = PBXFileReference; fileEncoding = 4; lastKnownFileType = sourcecode.swift; path = PlaySoundsViewController.swift; sourceTree = SOURCE_ROOT; };
/* End PBXFileReference section */

/* Begin PBXFrameworksBuildPhase section */
		5750621D1AACFE4F0051CC65 /* Frameworks */ = {
			isa = PBXFrameworksBuildPhase;
			buildActionMask = 2147483647;
			files = (
			);
			runOnlyForDeploymentPostprocessing = 0;
		};
		575062321AACFE4F0051CC65 /* Frameworks */ = {
			isa = PBXFrameworksBuildPhase;
			buildActionMask = 2147483647;
			files = (
			);
			runOnlyForDeploymentPostprocessing = 0;
		};
/* End PBXFrameworksBuildPhase section */

/* Begin PBXGroup section */
		575062171AACFE4F0051CC65 = {
			isa = PBXGroup;
			children = (
				575062221AACFE4F0051CC65 /* Pitch Perfect */,
				575062381AACFE4F0051CC65 /* Pitch PerfectTests */,
				575062211AACFE4F0051CC65 /* Products */,
			);
			sourceTree = "<group>";
		};
		575062211AACFE4F0051CC65 /* Products */ = {
			isa = PBXGroup;
			children = (
				575062201AACFE4F0051CC65 /* Pitch Perfect.app */,
				575062351AACFE4F0051CC65 /* Pitch PerfectTests.xctest */,
			);
			name = Products;
			sourceTree = "<group>";
		};
		575062221AACFE4F0051CC65 /* Pitch Perfect */ = {
			isa = PBXGroup;
			children = (
				575062251AACFE4F0051CC65 /* AppDelegate.swift */,
				575062271AACFE4F0051CC65 /* RecordSoundsViewController.swift */,
				575062291AACFE4F0051CC65 /* Main.storyboard */,
				5751BA451AB61B5800A4D78E /* PlaySoundsViewController.swift */,
				57295D8E1AC0FDF7000EA0F8 /* RecordAudio.swift */,
				5750622C1AACFE4F0051CC65 /* Images.xcassets */,
				5750622E1AACFE4F0051CC65 /* LaunchScreen.xib */,
				575062231AACFE4F0051CC65 /* Supporting Files */,
			);
			path = "Pitch Perfect";
			sourceTree = "<group>";
		};
		575062231AACFE4F0051CC65 /* Supporting Files */ = {
			isa = PBXGroup;
			children = (
				575062241AACFE4F0051CC65 /* Info.plist */,
			);
			name = "Supporting Files";
			sourceTree = "<group>";
		};
		575062381AACFE4F0051CC65 /* Pitch PerfectTests */ = {
			isa = PBXGroup;
			children = (
				5750623B1AACFE4F0051CC65 /* Pitch_PerfectTests.swift */,
				575062391AACFE4F0051CC65 /* Supporting Files */,
			);
			path = "Pitch PerfectTests";
			sourceTree = "<group>";
		};
		575062391AACFE4F0051CC65 /* Supporting Files */ = {
			isa = PBXGroup;
			children = (
				5750623A1AACFE4F0051CC65 /* Info.plist */,
			);
			name = "Supporting Files";
			sourceTree = "<group>";
		};
/* End PBXGroup section */

/* Begin PBXNativeTarget section */
		5750621F1AACFE4F0051CC65 /* Pitch Perfect */ = {
			isa = PBXNativeTarget;
			buildConfigurationList = 5750623F1AACFE4F0051CC65 /* Build configuration list for PBXNativeTarget "Pitch Perfect" */;
			buildPhases = (
				5750621C1AACFE4F0051CC65 /* Sources */,
				5750621D1AACFE4F0051CC65 /* Frameworks */,
				5750621E1AACFE4F0051CC65 /* Resources */,
			);
			buildRules = (
			);
			dependencies = (
			);
			name = "Pitch Perfect";
			productName = "Pitch Perfect";
			productReference = 575062201AACFE4F0051CC65 /* Pitch Perfect.app */;
			productType = "com.apple.product-type.application";
		};
		575062341AACFE4F0051CC65 /* Pitch PerfectTests */ = {
			isa = PBXNativeTarget;
			buildConfigurationList = 575062421AACFE4F0051CC65 /* Build configuration list for PBXNativeTarget "Pitch PerfectTests" */;
			buildPhases = (
				575062311AACFE4F0051CC65 /* Sources */,
				575062321AACFE4F0051CC65 /* Frameworks */,
				575062331AACFE4F0051CC65 /* Resources */,
			);
			buildRules = (
			);
			dependencies = (
				575062371AACFE4F0051CC65 /* PBXTargetDependency */,
			);
			name = "Pitch PerfectTests";
			productName = "Pitch PerfectTests";
			productReference = 575062351AACFE4F0051CC65 /* Pitch PerfectTests.xctest */;
			productType = "com.apple.product-type.bundle.unit-test";
		};
/* End PBXNativeTarget section */

/* Begin PBXProject section */
		575062181AACFE4F0051CC65 /* Project object */ = {
			isa = PBXProject;
			attributes = {
				LastUpgradeCheck = 0610;
				ORGANIZATIONNAME = "Robert Adkison";
				TargetAttributes = {
					5750621F1AACFE4F0051CC65 = {
						CreatedOnToolsVersion = 6.1.1;
						DevelopmentTeam = B3KCDN734P;
					};
					575062341AACFE4F0051CC65 = {
						CreatedOnToolsVersion = 6.1.1;
						TestTargetID = 5750621F1AACFE4F0051CC65;
					};
				};
			};
			buildConfigurationList = 5750621B1AACFE4F0051CC65 /* Build configuration list for PBXProject "Pitch Perfect" */;
			compatibilityVersion = "Xcode 3.2";
			developmentRegion = English;
			hasScannedForEncodings = 0;
			knownRegions = (
				en,
				Base,
			);
			mainGroup = 575062171AACFE4F0051CC65;
			productRefGroup = 575062211AACFE4F0051CC65 /* Products */;
			projectDirPath = "";
			projectRoot = "";
			targets = (
				5750621F1AACFE4F0051CC65 /* Pitch Perfect */,
				575062341AACFE4F0051CC65 /* Pitch PerfectTests */,
			);
		};
/* End PBXProject section */

/* Begin PBXResourcesBuildPhase section */
		5750621E1AACFE4F0051CC65 /* Resources */ = {
			isa = PBXResourcesBuildPhase;
			buildActionMask = 2147483647;
			files = (
				5750622B1AACFE4F0051CC65 /* Main.storyboard in Resources */,
				575062301AACFE4F0051CC65 /* LaunchScreen.xib in Resources */,
				5750622D1AACFE4F0051CC65 /* Images.xcassets in Resources */,
			);
			runOnlyForDeploymentPostprocessing = 0;
		};
		575062331AACFE4F0051CC65 /* Resources */ = {
			isa = PBXResourcesBuildPhase;
			buildActionMask = 2147483647;
			files = (
			);
			runOnlyForDeploymentPostprocessing = 0;
		};
/* End PBXResourcesBuildPhase section */

/* Begin PBXSourcesBuildPhase section */
		5750621C1AACFE4F0051CC65 /* Sources */ = {
			isa = PBXSourcesBuildPhase;
			buildActionMask = 2147483647;
			files = (
				575062281AACFE4F0051CC65 /* RecordSoundsViewController.swift in Sources */,
				57295D8F1AC0FDF7000EA0F8 /* RecordAudio.swift in Sources */,
				5751BA461AB61B5800A4D78E /* PlaySoundsViewController.swift in Sources */,
				575062261AACFE4F0051CC65 /* AppDelegate.swift in Sources */,
			);
			runOnlyForDeploymentPostprocessing = 0;
		};
		575062311AACFE4F0051CC65 /* Sources */ = {
			isa = PBXSourcesBuildPhase;
			buildActionMask = 2147483647;
			files = (
				5750623C1AACFE4F0051CC65 /* Pitch_PerfectTests.swift in Sources */,
			);
			runOnlyForDeploymentPostprocessing = 0;
		};
/* End PBXSourcesBuildPhase section */

/* Begin PBXTargetDependency section */
		575062371AACFE4F0051CC65 /* PBXTargetDependency */ = {
			isa = PBXTargetDependency;
			target = 5750621F1AACFE4F0051CC65 /* Pitch Perfect */;
			targetProxy = 575062361AACFE4F0051CC65 /* PBXContainerItemProxy */;
		};
/* End PBXTargetDependency section */

/* Begin PBXVariantGroup section */
		575062291AACFE4F0051CC65 /* Main.storyboard */ = {
			isa = PBXVariantGroup;
			children = (
				5750622A1AACFE4F0051CC65 /* Base */,
			);
			name = Main.storyboard;
			sourceTree = "<group>";
		};
		5750622E1AACFE4F0051CC65 /* LaunchScreen.xib */ = {
			isa = PBXVariantGroup;
			children = (
				5750622F1AACFE4F0051CC65 /* Base */,
			);
			name = LaunchScreen.xib;
			sourceTree = "<group>";
		};
/* End PBXVariantGroup section */

/* Begin XCBuildConfiguration section */
		5750623D1AACFE4F0051CC65 /* Debug */ = {
			isa = XCBuildConfiguration;
			buildSettings = {
				ALWAYS_SEARCH_USER_PATHS = NO;
				CLANG_CXX_LANGUAGE_STANDARD = "gnu++0x";
				CLANG_CXX_LIBRARY = "libc++";
				CLANG_ENABLE_MODULES = YES;
				CLANG_ENABLE_OBJC_ARC = YES;
				CLANG_WARN_BOOL_CONVERSION = YES;
				CLANG_WARN_CONSTANT_CONVERSION = YES;
				CLANG_WARN_DIRECT_OBJC_ISA_USAGE = YES_ERROR;
				CLANG_WARN_EMPTY_BODY = YES;
				CLANG_WARN_ENUM_CONVERSION = YES;
				CLANG_WARN_INT_CONVERSION = YES;
				CLANG_WARN_OBJC_ROOT_CLASS = YES_ERROR;
				CLANG_WARN_UNREACHABLE_CODE = YES;
				CLANG_WARN__DUPLICATE_METHOD_MATCH = YES;
				"CODE_SIGN_IDENTITY[sdk=iphoneos*]" = "iPhone Developer";
				COPY_PHASE_STRIP = NO;
				ENABLE_STRICT_OBJC_MSGSEND = YES;
				GCC_C_LANGUAGE_STANDARD = gnu99;
				GCC_DYNAMIC_NO_PIC = NO;
				GCC_OPTIMIZATION_LEVEL = 0;
				GCC_PREPROCESSOR_DEFINITIONS = (
					"DEBUG=1",
					"$(inherited)",
				);
				GCC_SYMBOLS_PRIVATE_EXTERN = NO;
				GCC_WARN_64_TO_32_BIT_CONVERSION = YES;
				GCC_WARN_ABOUT_RETURN_TYPE = YES_ERROR;
				GCC_WARN_UNDECLARED_SELECTOR = YES;
				GCC_WARN_UNINITIALIZED_AUTOS = YES_AGGRESSIVE;
				GCC_WARN_UNUSED_FUNCTION = YES;
				GCC_WARN_UNUSED_VARIABLE = YES;
				IPHONEOS_DEPLOYMENT_TARGET = 8.1;
				MTL_ENABLE_DEBUG_INFO = YES;
				ONLY_ACTIVE_ARCH = YES;
				SDKROOT = iphoneos;
				SWIFT_OPTIMIZATION_LEVEL = "-Onone";
			};
			name = Debug;
		};
		5750623E1AACFE4F0051CC65 /* Release */ = {
			isa = XCBuildConfiguration;
			buildSettings = {
				ALWAYS_SEARCH_USER_PATHS = NO;
				CLANG_CXX_LANGUAGE_STANDARD = "gnu++0x";
				CLANG_CXX_LIBRARY = "libc++";
				CLANG_ENABLE_MODULES = YES;
				CLANG_ENABLE_OBJC_ARC = YES;
				CLANG_WARN_BOOL_CONVERSION = YES;
				CLANG_WARN_CONSTANT_CONVERSION = YES;
				CLANG_WARN_DIRECT_OBJC_ISA_USAGE = YES_ERROR;
				CLANG_WARN_EMPTY_BODY = YES;
				CLANG_WARN_ENUM_CONVERSION = YES;
				CLANG_WARN_INT_CONVERSION = YES;
				CLANG_WARN_OBJC_ROOT_CLASS = YES_ERROR;
				CLANG_WARN_UNREACHABLE_CODE = YES;
				CLANG_WARN__DUPLICATE_METHOD_MATCH = YES;
				"CODE_SIGN_IDENTITY[sdk=iphoneos*]" = "iPhone Developer";
				COPY_PHASE_STRIP = YES;
				ENABLE_NS_ASSERTIONS = NO;
				ENABLE_STRICT_OBJC_MSGSEND = YES;
				GCC_C_LANGUAGE_STANDARD = gnu99;
				GCC_WARN_64_TO_32_BIT_CONVERSION = YES;
				GCC_WARN_ABOUT_RETURN_TYPE = YES_ERROR;
				GCC_WARN_UNDECLARED_SELECTOR = YES;
				GCC_WARN_UNINITIALIZED_AUTOS = YES_AGGRESSIVE;
				GCC_WARN_UNUSED_FUNCTION = YES;
				GCC_WARN_UNUSED_VARIABLE = YES;
				IPHONEOS_DEPLOYMENT_TARGET = 8.1;
				MTL_ENABLE_DEBUG_INFO = NO;
				SDKROOT = iphoneos;
				VALIDATE_PRODUCT = YES;
			};
			name = Release;
		};
		575062401AACFE4F0051CC65 /* Debug */ = {
			isa = XCBuildConfiguration;
			buildSettings = {
				ASSETCATALOG_COMPILER_APPICON_NAME = AppIcon;
				CODE_SIGN_IDENTITY = "iPhone Developer";
				"CODE_SIGN_IDENTITY[sdk=iphoneos*]" = "iPhone Developer";
				INFOPLIST_FILE = "Pitch Perfect/Info.plist";
				LD_RUNPATH_SEARCH_PATHS = "$(inherited) @executable_path/Frameworks";
				PRODUCT_NAME = "$(TARGET_NAME)";
				PROVISIONING_PROFILE = "";
			};
			name = Debug;
		};
		575062411AACFE4F0051CC65 /* Release */ = {
			isa = XCBuildConfiguration;
			buildSettings = {
				ASSETCATALOG_COMPILER_APPICON_NAME = AppIcon;
				CODE_SIGN_IDENTITY = "iPhone Developer";
				"CODE_SIGN_IDENTITY[sdk=iphoneos*]" = "iPhone Developer";
				INFOPLIST_FILE = "Pitch Perfect/Info.plist";
				LD_RUNPATH_SEARCH_PATHS = "$(inherited) @executable_path/Frameworks";
				PRODUCT_NAME = "$(TARGET_NAME)";
				PROVISIONING_PROFILE = "";
			};
			name = Release;
		};
		575062431AACFE4F0051CC65 /* Debug */ = {
			isa = XCBuildConfiguration;
			buildSettings = {
				BUNDLE_LOADER = "$(TEST_HOST)";
				FRAMEWORK_SEARCH_PATHS = (
					"$(SDKROOT)/Developer/Library/Frameworks",
					"$(inherited)",
				);
				GCC_PREPROCESSOR_DEFINITIONS = (
					"DEBUG=1",
					"$(inherited)",
				);
				INFOPLIST_FILE = "Pitch PerfectTests/Info.plist";
				LD_RUNPATH_SEARCH_PATHS = "$(inherited) @executable_path/Frameworks @loader_path/Frameworks";
				PRODUCT_NAME = "$(TARGET_NAME)";
				TEST_HOST = "$(BUILT_PRODUCTS_DIR)/Pitch Perfect.app/Pitch Perfect";
			};
			name = Debug;
		};
		575062441AACFE4F0051CC65 /* Release */ = {
			isa = XCBuildConfiguration;
			buildSettings = {
				BUNDLE_LOADER = "$(TEST_HOST)";
				FRAMEWORK_SEARCH_PATHS = (
					"$(SDKROOT)/Developer/Library/Frameworks",
					"$(inherited)",
				);
				INFOPLIST_FILE = "Pitch PerfectTests/Info.plist";
				LD_RUNPATH_SEARCH_PATHS = "$(inherited) @executable_path/Frameworks @loader_path/Frameworks";
				PRODUCT_NAME = "$(TARGET_NAME)";
				TEST_HOST = "$(BUILT_PRODUCTS_DIR)/Pitch Perfect.app/Pitch Perfect";
			};
			name = Release;
		};
/* End XCBuildConfiguration section */

/* Begin XCConfigurationList section */
		5750621B1AACFE4F0051CC65 /* Build configuration list for PBXProject "Pitch Perfect" */ = {
			isa = XCConfigurationList;
			buildConfigurations = (
				5750623D1AACFE4F0051CC65 /* Debug */,
				5750623E1AACFE4F0051CC65 /* Release */,
			);
			defaultConfigurationIsVisible = 0;
			defaultConfigurationName = Release;
		};
		5750623F1AACFE4F0051CC65 /* Build configuration list for PBXNativeTarget "Pitch Perfect" */ = {
			isa = XCConfigurationList;
			buildConfigurations = (
				575062401AACFE4F0051CC65 /* Debug */,
				575062411AACFE4F0051CC65 /* Release */,
			);
			defaultConfigurationIsVisible = 0;
			defaultConfigurationName = Release;
		};
		575062421AACFE4F0051CC65 /* Build configuration list for PBXNativeTarget "Pitch PerfectTests" */ = {
			isa = XCConfigurationList;
			buildConfigurations = (
				575062431AACFE4F0051CC65 /* Debug */,
				575062441AACFE4F0051CC65 /* Release */,
			);
			defaultConfigurationIsVisible = 0;
			defaultConfigurationName = Release;
		};
/* End XCConfigurationList section */
	};
	rootObject = 575062181AACFE4F0051CC65 /* Project object */;
}
